{
    "_readme": [
        "This file locks the dependencies of your project to a known state",
        "Read more about it at https://getcomposer.org/doc/01-basic-usage.md#installing-dependencies",
        "This file is @generated automatically"
    ],
    "content-hash": "839e14084d4dcdfef46a515804365efc",
    "packages": [
        {
            "name": "cyril-verloop/iterator",
            "version": "2.0.0",
            "source": {
                "type": "git",
                "url": "https://github.com/cyrilverloop/iterator.git",
                "reference": "7620f9638597391831c28b5bc4ba185e414573c4"
            },
            "dist": {
                "type": "zip",
                "url": "https://api.github.com/repos/cyrilverloop/iterator/zipball/7620f9638597391831c28b5bc4ba185e414573c4",
                "reference": "7620f9638597391831c28b5bc4ba185e414573c4",
                "shasum": ""
            },
            "require": {
                "php": ">=7.4"
            },
            "type": "library",
            "autoload": {
                "psr-4": {
                    "CyrilVerloop\\Iterator\\": "src/"
                }
            },
            "notification-url": "https://packagist.org/downloads/",
            "license": [
                "MIT"
            ],
            "authors": [
                {
                    "name": "Cyril VERLOOP",
                    "email": "cyril.verloop@webqard.fr"
                }
            ],
            "description": "An iterator utility.",
            "support": {
                "issues": "https://github.com/cyrilverloop/iterator/issues",
                "source": "https://github.com/cyrilverloop/iterator/tree/2.0.0"
            },
            "time": "2021-09-23T09:11:57+00:00"
        }
    ],
    "packages-dev": [],
    "aliases": [],
    "minimum-stability": "stable",
    "stability-flags": [],
    "prefer-stable": false,
    "prefer-lowest": false,
    "platform": {
        "php": ">=7.4"
    },
    "platform-dev": [],
    "plugin-api-version": "2.2.0"
}
