{
    "_readme": [
        "This file locks the dependencies of your project to a known state",
        "Read more about it at https://getcomposer.org/doc/01-basic-usage.md#installing-dependencies",
        "This file is @generated automatically"
    ],
    "content-hash": "776442d740fc1f3cfda60a50fe30c276",
    "packages": [
        {
            "name": "cyril-verloop/iterator",
            "version": "3.0.1",
            "source": {
                "type": "git",
                "url": "https://github.com/cyrilverloop/iterator.git",
                "reference": "845643b58fac6661d1c49f7a6a239b8b452e4298"
            },
            "dist": {
                "type": "zip",
                "url": "https://api.github.com/repos/cyrilverloop/iterator/zipball/845643b58fac6661d1c49f7a6a239b8b452e4298",
                "reference": "845643b58fac6661d1c49f7a6a239b8b452e4298",
                "shasum": ""
            },
            "require": {
                "php": ">=8.0"
            },
            "type": "library",
            "autoload": {
                "psr-4": {
                    "CyrilVerloop\\Iterator\\": "src/"
                }
            },
            "notification-url": "https://packagist.org/downloads/",
            "license": [
                "MIT"
            ],
            "authors": [
                {
                    "name": "Cyril VERLOOP",
                    "email": "cyril.verloop@webqard.fr"
                }
            ],
            "description": "An iterator utility.",
            "support": {
                "issues": "https://github.com/cyrilverloop/iterator/issues",
                "source": "https://github.com/cyrilverloop/iterator/tree/3.0.1"
            },
            "time": "2022-01-27T08:56:36+00:00"
        }
    ],
    "packages-dev": [],
    "aliases": [],
    "minimum-stability": "stable",
    "stability-flags": [],
    "prefer-stable": false,
    "prefer-lowest": false,
    "platform": {
        "php": ">=8.0"
    },
    "platform-dev": [],
    "plugin-api-version": "2.3.0"
}
